
Microsoft Visual Studio Solution File, Format Version 12.00
# Visual Studio Version 17
VisualStudioVersion = 17.5.33424.131
MinimumVisualStudioVersion = 10.0.40219.1
Project("{FAE04EC0-301F-11D3-BF4B-00C04F79EFBC}") = "LinqQueryHW", "LinqQueryHW.csproj", "{EBEC6DBB-94E4-475A-BF52-A889D014EC98}"
EndProject
Global
	GlobalSection(SolutionConfigurationPlatforms) = preSolution
		Debug|Any CPU = Debug|Any CPU
		Release|Any CPU = Release|Any CPU
	EndGlobalSection
	GlobalSection(ProjectConfigurationPlatforms) = postSolution
		{EBEC6DBB-94E4-475A-BF52-A889D014EC98}.Debug|Any CPU.ActiveCfg = Debug|Any CPU
		{EBEC6DBB-94E4-475A-BF52-A889D014EC98}.Debug|Any CPU.Build.0 = Debug|Any CPU
		{EBEC6DBB-94E4-475A-BF52-A889D014EC98}.Release|Any CPU.ActiveCfg = Release|Any CPU
		{EBEC6DBB-94E4-475A-BF52-A889D014EC98}.Release|Any CPU.Build.0 = Release|Any CPU
	EndGlobalSection
	GlobalSection(SolutionProperties) = preSolution
		HideSolutionNode = FALSE
	EndGlobalSection
	GlobalSection(ExtensibilityGlobals) = postSolution
		SolutionGuid = {9F77B6D5-43B3-4FF6-8D65-C4C868E01150}
	EndGlobalSection
EndGlobal
